
Microsoft Visual Studio Solution File, Format Version 12.00
# Visual Studio Version 17
VisualStudioVersion = 17.5.33627.172
MinimumVisualStudioVersion = 10.0.40219.1
Project("{9A19103F-16F7-4668-BE54-9A1E7A4F7556}") = "Extensions.Common", "Extensions.Common\Extensions.Common.csproj", "{E8EFBCD7-F7C6-4F08-8155-964909063328}"
EndProject
Project("{9A19103F-16F7-4668-BE54-9A1E7A4F7556}") = "Extensions.Common.Test", "UnitTest\Extensions.Common.Test.csproj", "{0B298FB4-E7AD-42F9-8CA7-65CB1409EAC9}"
EndProject
Project("{2150E333-8FDC-42A3-9474-1A3956D46DE8}") = "Solution Items", "Solution Items", "{8A923A2B-E2A4-4494-9ED1-287C3EF88023}"
	ProjectSection(SolutionItems) = preProject
		CONTRIBUTING.md = CONTRIBUTING.md
		README.md = README.md
	EndProjectSection
EndProject
Global
	GlobalSection(SolutionConfigurationPlatforms) = preSolution
		Debug|Any CPU = Debug|Any CPU
		Release|Any CPU = Release|Any CPU
	EndGlobalSection
	GlobalSection(ProjectConfigurationPlatforms) = postSolution
		{E8EFBCD7-F7C6-4F08-8155-964909063328}.Debug|Any CPU.ActiveCfg = Debug|Any CPU
		{E8EFBCD7-F7C6-4F08-8155-964909063328}.Debug|Any CPU.Build.0 = Debug|Any CPU
		{E8EFBCD7-F7C6-4F08-8155-964909063328}.Release|Any CPU.ActiveCfg = Release|Any CPU
		{E8EFBCD7-F7C6-4F08-8155-964909063328}.Release|Any CPU.Build.0 = Release|Any CPU
		{0B298FB4-E7AD-42F9-8CA7-65CB1409EAC9}.Debug|Any CPU.ActiveCfg = Debug|Any CPU
		{0B298FB4-E7AD-42F9-8CA7-65CB1409EAC9}.Debug|Any CPU.Build.0 = Debug|Any CPU
		{0B298FB4-E7AD-42F9-8CA7-65CB1409EAC9}.Release|Any CPU.ActiveCfg = Release|Any CPU
		{0B298FB4-E7AD-42F9-8CA7-65CB1409EAC9}.Release|Any CPU.Build.0 = Release|Any CPU
	EndGlobalSection
	GlobalSection(SolutionProperties) = preSolution
		HideSolutionNode = FALSE
	EndGlobalSection
	GlobalSection(ExtensibilityGlobals) = postSolution
		SolutionGuid = {AA17B196-8EA1-4C95-B9DD-813434B14D50}
	EndGlobalSection
EndGlobal
