
Microsoft Visual Studio Solution File, Format Version 12.00
# Visual Studio Version 16
VisualStudioVersion = 16.0.32002.261
MinimumVisualStudioVersion = 10.0.40219.1
Project("{9A19103F-16F7-4668-BE54-9A1E7A4F7556}") = "Extensions.Common", "Extensions.Common\Extensions.Common.csproj", "{E8EFBCD7-F7C6-4F08-8155-964909063328}"
EndProject
Project("{FAE04EC0-301F-11D3-BF4B-00C04F79EFBC}") = "Extensions.Common.UnitTest", "Extensions.Common.UnitTest\Extensions.Common.UnitTest.csproj", "{0B298FB4-E7AD-42F9-8CA7-65CB1409EAC9}"
EndProject
Global
	GlobalSection(SolutionConfigurationPlatforms) = preSolution
		Debug|Any CPU = Debug|Any CPU
		Release|Any CPU = Release|Any CPU
	EndGlobalSection
	GlobalSection(ProjectConfigurationPlatforms) = postSolution
		{E8EFBCD7-F7C6-4F08-8155-964909063328}.Debug|Any CPU.ActiveCfg = Debug|Any CPU
		{E8EFBCD7-F7C6-4F08-8155-964909063328}.Debug|Any CPU.Build.0 = Debug|Any CPU
		{E8EFBCD7-F7C6-4F08-8155-964909063328}.Release|Any CPU.ActiveCfg = Release|Any CPU
		{E8EFBCD7-F7C6-4F08-8155-964909063328}.Release|Any CPU.Build.0 = Release|Any CPU
		{0B298FB4-E7AD-42F9-8CA7-65CB1409EAC9}.Debug|Any CPU.ActiveCfg = Debug|Any CPU
		{0B298FB4-E7AD-42F9-8CA7-65CB1409EAC9}.Debug|Any CPU.Build.0 = Debug|Any CPU
		{0B298FB4-E7AD-42F9-8CA7-65CB1409EAC9}.Release|Any CPU.ActiveCfg = Release|Any CPU
		{0B298FB4-E7AD-42F9-8CA7-65CB1409EAC9}.Release|Any CPU.Build.0 = Release|Any CPU
	EndGlobalSection
	GlobalSection(SolutionProperties) = preSolution
		HideSolutionNode = FALSE
	EndGlobalSection
	GlobalSection(ExtensibilityGlobals) = postSolution
		SolutionGuid = {AA17B196-8EA1-4C95-B9DD-813434B14D50}
	EndGlobalSection
EndGlobal
